Microsoft Visual Studio Solution File, Format Version 12.00
# Visual Studio Version 16
VisualStudioVersion = 16.0.28917.181
MinimumVisualStudioVersion = 10.0.40219.1
Project("{2150E333-8FDC-42A3-9474-1A3956D46DE8}") = "src", "src", "{C2F8FF63-7A48-4179-A720-86206C42F496}"
EndProject
Project("{2150E333-8FDC-42A3-9474-1A3956D46DE8}") = "Solution Items", "Solution Items", "{1710F546-49E2-4BAA-A8AB-655D55AD91CF}"
	ProjectSection(SolutionItems) = preProject
		.editorconfig = .editorconfig
		.gitattributes = .gitattributes
		.gitignore = .gitignore
		build.fsx = build.fsx
		global.json = global.json
		package.json = package.json
		paket.dependencies = paket.dependencies
		paket.lock = paket.lock
		README.md = README.md
		SEMVER.md = SEMVER.md
		SolutionInfo.cs = SolutionInfo.cs
	EndProjectSection
EndProject
Project("{9A19103F-16F7-4668-BE54-9A1E7A4F7556}") = "Public.Api", "src\Public.Api\Public.Api.csproj", "{AF352523-9574-4B47-9AAE-14296D5673AF}"
EndProject
Project("{9A19103F-16F7-4668-BE54-9A1E7A4F7556}") = "Common", "src\Common\Common.csproj", "{804E47F9-1517-4532-BC8C-9AA15EDE3503}"
EndProject
Global
	GlobalSection(SolutionConfigurationPlatforms) = preSolution
		Debug|Any CPU = Debug|Any CPU
		Debug|x64 = Debug|x64
		Debug|x86 = Debug|x86
		Release|Any CPU = Release|Any CPU
		Release|x64 = Release|x64
		Release|x86 = Release|x86
	EndGlobalSection
	GlobalSection(ProjectConfigurationPlatforms) = postSolution
		{AF352523-9574-4B47-9AAE-14296D5673AF}.Debug|Any CPU.ActiveCfg = Debug|Any CPU
		{AF352523-9574-4B47-9AAE-14296D5673AF}.Debug|Any CPU.Build.0 = Debug|Any CPU
		{AF352523-9574-4B47-9AAE-14296D5673AF}.Debug|x64.ActiveCfg = Debug|Any CPU
		{AF352523-9574-4B47-9AAE-14296D5673AF}.Debug|x64.Build.0 = Debug|Any CPU
		{AF352523-9574-4B47-9AAE-14296D5673AF}.Debug|x86.ActiveCfg = Debug|Any CPU
		{AF352523-9574-4B47-9AAE-14296D5673AF}.Debug|x86.Build.0 = Debug|Any CPU
		{AF352523-9574-4B47-9AAE-14296D5673AF}.Release|Any CPU.ActiveCfg = Release|Any CPU
		{AF352523-9574-4B47-9AAE-14296D5673AF}.Release|Any CPU.Build.0 = Release|Any CPU
		{AF352523-9574-4B47-9AAE-14296D5673AF}.Release|x64.ActiveCfg = Release|Any CPU
		{AF352523-9574-4B47-9AAE-14296D5673AF}.Release|x64.Build.0 = Release|Any CPU
		{AF352523-9574-4B47-9AAE-14296D5673AF}.Release|x86.ActiveCfg = Release|Any CPU
		{AF352523-9574-4B47-9AAE-14296D5673AF}.Release|x86.Build.0 = Release|Any CPU
		{804E47F9-1517-4532-BC8C-9AA15EDE3503}.Debug|Any CPU.ActiveCfg = Debug|Any CPU
		{804E47F9-1517-4532-BC8C-9AA15EDE3503}.Debug|Any CPU.Build.0 = Debug|Any CPU
		{804E47F9-1517-4532-BC8C-9AA15EDE3503}.Debug|x64.ActiveCfg = Debug|Any CPU
		{804E47F9-1517-4532-BC8C-9AA15EDE3503}.Debug|x64.Build.0 = Debug|Any CPU
		{804E47F9-1517-4532-BC8C-9AA15EDE3503}.Debug|x86.ActiveCfg = Debug|Any CPU
		{804E47F9-1517-4532-BC8C-9AA15EDE3503}.Debug|x86.Build.0 = Debug|Any CPU
		{804E47F9-1517-4532-BC8C-9AA15EDE3503}.Release|Any CPU.ActiveCfg = Release|Any CPU
		{804E47F9-1517-4532-BC8C-9AA15EDE3503}.Release|Any CPU.Build.0 = Release|Any CPU
		{804E47F9-1517-4532-BC8C-9AA15EDE3503}.Release|x64.ActiveCfg = Release|Any CPU
		{804E47F9-1517-4532-BC8C-9AA15EDE3503}.Release|x64.Build.0 = Release|Any CPU
		{804E47F9-1517-4532-BC8C-9AA15EDE3503}.Release|x86.ActiveCfg = Release|Any CPU
		{804E47F9-1517-4532-BC8C-9AA15EDE3503}.Release|x86.Build.0 = Release|Any CPU
	EndGlobalSection
	GlobalSection(SolutionProperties) = preSolution
		HideSolutionNode = FALSE
	EndGlobalSection
	GlobalSection(NestedProjects) = preSolution
		{AF352523-9574-4B47-9AAE-14296D5673AF} = {C2F8FF63-7A48-4179-A720-86206C42F496}
		{804E47F9-1517-4532-BC8C-9AA15EDE3503} = {C2F8FF63-7A48-4179-A720-86206C42F496}
	EndGlobalSection
	GlobalSection(ExtensibilityGlobals) = postSolution
		SolutionGuid = {2EB87445-E263-4E1E-89CC-3839170028E5}
	EndGlobalSection
EndGlobal
